{
  "name": "@pulsor/html",
  "version": "0.0.1-rc.1",
  "lockfileVersion": 2,
  "requires": true,
  "packages": {
    "": {
      "name": "@pulsor/html",
      "version": "0.0.1-rc.1",
      "license": "ISC",
      "devDependencies": {
        "@pulsor/core": "0.0.1-rc.18",
        "typescript": "^4.5.2"
      },
      "peerDependencies": {
        "@pulsor/core": "*"
      }
    },
    "node_modules/@pulsor/core": {
      "version": "0.0.1-rc.18",
      "resolved": "https://registry.npmjs.org/@pulsor/core/-/core-0.0.1-rc.18.tgz",
      "integrity": "sha512-cYFYYKVnl8LHWpTYdIUClbGWdsxtMhOh92URbNzQfjvQbGIWOKYz/eVzY+N/HsGJb1hTw0kx0ThYspPtJeR1FA==",
      "dev": true
    },
    "node_modules/typescript": {
      "version": "4.5.5",
      "resolved": "https://registry.npmjs.org/typescript/-/typescript-4.5.5.tgz",
      "integrity": "sha512-TCTIul70LyWe6IJWT8QSYeA54WQe8EjQFU4wY52Fasj5UKx88LNYKCgBEHcOMOrFF1rKGbD8v/xcNWVUq9SymA==",
      "dev": true,
      "bin": {
        "tsc": "bin/tsc",
        "tsserver": "bin/tsserver"
      },
      "engines": {
        "node": ">=4.2.0"
      }
    }
  },
  "dependencies": {
    "@pulsor/core": {
      "version": "0.0.1-rc.18",
      "resolved": "https://registry.npmjs.org/@pulsor/core/-/core-0.0.1-rc.18.tgz",
      "integrity": "sha512-cYFYYKVnl8LHWpTYdIUClbGWdsxtMhOh92URbNzQfjvQbGIWOKYz/eVzY+N/HsGJb1hTw0kx0ThYspPtJeR1FA==",
      "dev": true
    },
    "typescript": {
      "version": "4.5.5",
      "resolved": "https://registry.npmjs.org/typescript/-/typescript-4.5.5.tgz",
      "integrity": "sha512-TCTIul70LyWe6IJWT8QSYeA54WQe8EjQFU4wY52Fasj5UKx88LNYKCgBEHcOMOrFF1rKGbD8v/xcNWVUq9SymA==",
      "dev": true
    }
  }
}
