{
  "name": "vite-typescript-starter",
  "version": "0.0.0",
  "lockfileVersion": 2,
  "requires": true,
  "packages": {
    "": {
      "name": "vite-typescript-starter",
      "version": "0.0.0",
      "dependencies": {
        "@pulsor/core": "0.0.1-rc.9",
        "@pulsor/form": "^0.0.1-rc.2",
        "@pulsor/location": "^0.0.1-rc.1"
      }
    },
    "node_modules/@pulsor/core": {
      "version": "0.0.1-rc.9",
      "resolved": "https://registry.npmjs.org/@pulsor/core/-/core-0.0.1-rc.9.tgz",
      "integrity": "sha512-RECXix8IarLbQRUhNN4Q0ubpGWwodnnAql+Y/2YpIbge4vvuWmhaHjWHObOQqQ6oxWw38+pemtzoGLZAIi26jA=="
    },
    "node_modules/@pulsor/form": {
      "version": "0.0.1-rc.2",
      "resolved": "https://registry.npmjs.org/@pulsor/form/-/form-0.0.1-rc.2.tgz",
      "integrity": "sha512-HJyM/O/1lN/Bhr9kWrRpcStLgmAWlGiIkQ6TQRaE9hQpfJ30OQ2jDuLOyVlUE0yesnjVIiXc/gK5vhNtdgsS+A==",
      "dependencies": {
        "@pulsor/core": "0.0.1-rc.11"
      }
    },
    "node_modules/@pulsor/form/node_modules/@pulsor/core": {
      "version": "0.0.1-rc.11",
      "resolved": "https://registry.npmjs.org/@pulsor/core/-/core-0.0.1-rc.11.tgz",
      "integrity": "sha512-Xeimf8Yh8QDTKaSPJEbFeo8VaA0UDQQDxIDX+J7TLD5AAfBhrjptJ3r95TBtq40nFOPAGwN/vPAh6n1k89Z1xQ=="
    },
    "node_modules/@pulsor/location": {
      "version": "0.0.1-rc.1",
      "resolved": "https://registry.npmjs.org/@pulsor/location/-/location-0.0.1-rc.1.tgz",
      "integrity": "sha512-XHfB9lkjrWnhNg8DM2V/KiFRY6q4uJCCOopEKQKANzL62N/AT85odbYGnMhiSZzPL4ty1ERH57TYbgYb9oe53w==",
      "dependencies": {
        "@pulsor/core": "0.0.1-rc.11",
        "path-to-regexp": "^6.2.0"
      }
    },
    "node_modules/@pulsor/location/node_modules/@pulsor/core": {
      "version": "0.0.1-rc.11",
      "resolved": "https://registry.npmjs.org/@pulsor/core/-/core-0.0.1-rc.11.tgz",
      "integrity": "sha512-Xeimf8Yh8QDTKaSPJEbFeo8VaA0UDQQDxIDX+J7TLD5AAfBhrjptJ3r95TBtq40nFOPAGwN/vPAh6n1k89Z1xQ=="
    },
    "node_modules/path-to-regexp": {
      "version": "6.2.0",
      "resolved": "https://registry.npmjs.org/path-to-regexp/-/path-to-regexp-6.2.0.tgz",
      "integrity": "sha512-f66KywYG6+43afgE/8j/GoiNyygk/bnoCbps++3ErRKsIYkGGupyv07R2Ok5m9i67Iqc+T2g1eAUGUPzWhYTyg=="
    }
  },
  "dependencies": {
    "@pulsor/core": {
      "version": "0.0.1-rc.9",
      "resolved": "https://registry.npmjs.org/@pulsor/core/-/core-0.0.1-rc.9.tgz",
      "integrity": "sha512-RECXix8IarLbQRUhNN4Q0ubpGWwodnnAql+Y/2YpIbge4vvuWmhaHjWHObOQqQ6oxWw38+pemtzoGLZAIi26jA=="
    },
    "@pulsor/form": {
      "version": "0.0.1-rc.2",
      "resolved": "https://registry.npmjs.org/@pulsor/form/-/form-0.0.1-rc.2.tgz",
      "integrity": "sha512-HJyM/O/1lN/Bhr9kWrRpcStLgmAWlGiIkQ6TQRaE9hQpfJ30OQ2jDuLOyVlUE0yesnjVIiXc/gK5vhNtdgsS+A==",
      "requires": {
        "@pulsor/core": "0.0.1-rc.11"
      },
      "dependencies": {
        "@pulsor/core": {
          "version": "0.0.1-rc.11",
          "resolved": "https://registry.npmjs.org/@pulsor/core/-/core-0.0.1-rc.11.tgz",
          "integrity": "sha512-Xeimf8Yh8QDTKaSPJEbFeo8VaA0UDQQDxIDX+J7TLD5AAfBhrjptJ3r95TBtq40nFOPAGwN/vPAh6n1k89Z1xQ=="
        }
      }
    },
    "@pulsor/location": {
      "version": "0.0.1-rc.1",
      "resolved": "https://registry.npmjs.org/@pulsor/location/-/location-0.0.1-rc.1.tgz",
      "integrity": "sha512-XHfB9lkjrWnhNg8DM2V/KiFRY6q4uJCCOopEKQKANzL62N/AT85odbYGnMhiSZzPL4ty1ERH57TYbgYb9oe53w==",
      "requires": {
        "@pulsor/core": "0.0.1-rc.11",
        "path-to-regexp": "^6.2.0"
      },
      "dependencies": {
        "@pulsor/core": {
          "version": "0.0.1-rc.11",
          "resolved": "https://registry.npmjs.org/@pulsor/core/-/core-0.0.1-rc.11.tgz",
          "integrity": "sha512-Xeimf8Yh8QDTKaSPJEbFeo8VaA0UDQQDxIDX+J7TLD5AAfBhrjptJ3r95TBtq40nFOPAGwN/vPAh6n1k89Z1xQ=="
        }
      }
    },
    "path-to-regexp": {
      "version": "6.2.0",
      "resolved": "https://registry.npmjs.org/path-to-regexp/-/path-to-regexp-6.2.0.tgz",
      "integrity": "sha512-f66KywYG6+43afgE/8j/GoiNyygk/bnoCbps++3ErRKsIYkGGupyv07R2Ok5m9i67Iqc+T2g1eAUGUPzWhYTyg=="
    }
  }
}
