{
  "name": "vite-typescript-starter",
  "version": "0.0.0",
  "lockfileVersion": 2,
  "requires": true,
  "packages": {
    "": {
      "name": "vite-typescript-starter",
      "version": "0.0.0",
      "dependencies": {
        "@pulsor/core": "0.0.1-rc.18",
        "@pulsor/form": "^0.0.1-rc.4",
        "@pulsor/location": "^0.0.1-rc.2"
      }
    },
    "node_modules/@pulsor/core": {
      "version": "0.0.1-rc.18",
      "resolved": "https://registry.npmjs.org/@pulsor/core/-/core-0.0.1-rc.18.tgz",
      "integrity": "sha512-cYFYYKVnl8LHWpTYdIUClbGWdsxtMhOh92URbNzQfjvQbGIWOKYz/eVzY+N/HsGJb1hTw0kx0ThYspPtJeR1FA=="
    },
    "node_modules/@pulsor/form": {
      "version": "0.0.1-rc.4",
      "resolved": "https://registry.npmjs.org/@pulsor/form/-/form-0.0.1-rc.4.tgz",
      "integrity": "sha512-cQDU1uJRIoiKytAZPdsTIpUFzt0ETF8T2Bt8eMvyiuMaf4Kvr1A18aT2gP285eQ2/ZNTJIHbCJzw+Lx+ugHv/w==",
      "peerDependencies": {
        "@pulsor/core": "*"
      }
    },
    "node_modules/@pulsor/location": {
      "version": "0.0.1-rc.2",
      "resolved": "https://registry.npmjs.org/@pulsor/location/-/location-0.0.1-rc.2.tgz",
      "integrity": "sha512-ubXYzz5nPbqJSJdQZqd1k7hjI/UfRTpAN1C6b1PiLZ86wjabBBkFi/lP93N6y6ZcfVT62CwztWZ2G1uPguBz9A==",
      "dependencies": {
        "path-to-regexp": "^6.2.0"
      },
      "peerDependencies": {
        "@pulsor/core": "*"
      }
    },
    "node_modules/path-to-regexp": {
      "version": "6.2.0",
      "resolved": "https://registry.npmjs.org/path-to-regexp/-/path-to-regexp-6.2.0.tgz",
      "integrity": "sha512-f66KywYG6+43afgE/8j/GoiNyygk/bnoCbps++3ErRKsIYkGGupyv07R2Ok5m9i67Iqc+T2g1eAUGUPzWhYTyg=="
    }
  },
  "dependencies": {
    "@pulsor/core": {
      "version": "0.0.1-rc.18",
      "resolved": "https://registry.npmjs.org/@pulsor/core/-/core-0.0.1-rc.18.tgz",
      "integrity": "sha512-cYFYYKVnl8LHWpTYdIUClbGWdsxtMhOh92URbNzQfjvQbGIWOKYz/eVzY+N/HsGJb1hTw0kx0ThYspPtJeR1FA=="
    },
    "@pulsor/form": {
      "version": "0.0.1-rc.4",
      "resolved": "https://registry.npmjs.org/@pulsor/form/-/form-0.0.1-rc.4.tgz",
      "integrity": "sha512-cQDU1uJRIoiKytAZPdsTIpUFzt0ETF8T2Bt8eMvyiuMaf4Kvr1A18aT2gP285eQ2/ZNTJIHbCJzw+Lx+ugHv/w==",
      "requires": {}
    },
    "@pulsor/location": {
      "version": "0.0.1-rc.2",
      "resolved": "https://registry.npmjs.org/@pulsor/location/-/location-0.0.1-rc.2.tgz",
      "integrity": "sha512-ubXYzz5nPbqJSJdQZqd1k7hjI/UfRTpAN1C6b1PiLZ86wjabBBkFi/lP93N6y6ZcfVT62CwztWZ2G1uPguBz9A==",
      "requires": {
        "path-to-regexp": "^6.2.0"
      }
    },
    "path-to-regexp": {
      "version": "6.2.0",
      "resolved": "https://registry.npmjs.org/path-to-regexp/-/path-to-regexp-6.2.0.tgz",
      "integrity": "sha512-f66KywYG6+43afgE/8j/GoiNyygk/bnoCbps++3ErRKsIYkGGupyv07R2Ok5m9i67Iqc+T2g1eAUGUPzWhYTyg=="
    }
  }
}
