{
  "name": "@pulsor/form",
  "version": "0.0.1-rc.4",
  "lockfileVersion": 1,
  "requires": true,
  "dependencies": {
    "@pulsor/core": {
      "version": "0.0.1-rc.16",
      "resolved": "https://registry.npmjs.org/@pulsor/core/-/core-0.0.1-rc.16.tgz",
      "integrity": "sha512-CZboZKqOd/T99yF6II1dYxd1/b5dBSv7ULKLWQcYGcpXshAMQhetjhETwhkuCSVaB3MqrdLctzGfcKi2vYdqhg==",
      "dev": true
    },
    "typescript": {
      "version": "4.5.2",
      "resolved": "https://registry.npmjs.org/typescript/-/typescript-4.5.2.tgz",
      "integrity": "sha512-5BlMof9H1yGt0P8/WF+wPNw6GfctgGjXp5hkblpyT+8rkASSmkUKMXrxR0Xg8ThVCi/JnHQiKXeBaEwCeQwMFw==",
      "dev": true
    }
  }
}
