{
  "name": "@pulsor/form",
  "version": "0.0.1-rc.1",
  "lockfileVersion": 2,
  "requires": true,
  "packages": {
    "": {
      "name": "@pulsor/form",
      "version": "0.0.1-rc.1",
      "license": "ISC",
      "dependencies": {
        "lodash-es": "^4.17.21"
      },
      "devDependencies": {
        "@types/lodash-es": "^4.17.5"
      }
    },
    "node_modules/@types/lodash": {
      "version": "4.14.177",
      "resolved": "https://registry.npmjs.org/@types/lodash/-/lodash-4.14.177.tgz",
      "integrity": "sha512-0fDwydE2clKe9MNfvXHBHF9WEahRuj+msTuQqOmAApNORFvhMYZKNGGJdCzuhheVjMps/ti0Ak/iJPACMaevvw==",
      "dev": true
    },
    "node_modules/@types/lodash-es": {
      "version": "4.17.5",
      "resolved": "https://registry.npmjs.org/@types/lodash-es/-/lodash-es-4.17.5.tgz",
      "integrity": "sha512-SHBoI8/0aoMQWAgUHMQ599VM6ZiSKg8sh/0cFqqlQQMyY9uEplc0ULU5yQNzcvdR4ZKa0ey8+vFmahuRbOCT1A==",
      "dev": true,
      "dependencies": {
        "@types/lodash": "*"
      }
    },
    "node_modules/lodash-es": {
      "version": "4.17.21",
      "resolved": "https://registry.npmjs.org/lodash-es/-/lodash-es-4.17.21.tgz",
      "integrity": "sha512-mKnC+QJ9pWVzv+C4/U3rRsHapFfHvQFoFB92e52xeyGMcX6/OlIl78je1u8vePzYZSkkogMPJ2yjxxsb89cxyw=="
    }
  },
  "dependencies": {
    "@types/lodash": {
      "version": "4.14.177",
      "resolved": "https://registry.npmjs.org/@types/lodash/-/lodash-4.14.177.tgz",
      "integrity": "sha512-0fDwydE2clKe9MNfvXHBHF9WEahRuj+msTuQqOmAApNORFvhMYZKNGGJdCzuhheVjMps/ti0Ak/iJPACMaevvw==",
      "dev": true
    },
    "@types/lodash-es": {
      "version": "4.17.5",
      "resolved": "https://registry.npmjs.org/@types/lodash-es/-/lodash-es-4.17.5.tgz",
      "integrity": "sha512-SHBoI8/0aoMQWAgUHMQ599VM6ZiSKg8sh/0cFqqlQQMyY9uEplc0ULU5yQNzcvdR4ZKa0ey8+vFmahuRbOCT1A==",
      "dev": true,
      "requires": {
        "@types/lodash": "*"
      }
    },
    "lodash-es": {
      "version": "4.17.21",
      "resolved": "https://registry.npmjs.org/lodash-es/-/lodash-es-4.17.21.tgz",
      "integrity": "sha512-mKnC+QJ9pWVzv+C4/U3rRsHapFfHvQFoFB92e52xeyGMcX6/OlIl78je1u8vePzYZSkkogMPJ2yjxxsb89cxyw=="
    }
  }
}
