{
  "name": "@pulsor/form",
  "version": "0.0.1-rc.1",
  "lockfileVersion": 1,
  "requires": true,
  "dependencies": {
    "@pulsor/core": {
      "version": "0.0.1-rc.6",
      "resolved": "https://registry.npmjs.org/@pulsor/core/-/core-0.0.1-rc.6.tgz",
      "integrity": "sha512-9W2uO33OAmYI6gwMO7PbspL4SPrIhODwvdaolGha9GYtDmDebrTVA7xEQrsf/8saF2Mn/CfvErItd6OLWXK5bg=="
    }
  }
}
