{
  "name": "@pulsor/location",
  "version": "0.0.1-rc.1",
  "lockfileVersion": 1,
  "requires": true,
  "dependencies": {
    "@pulsor/core": {
      "version": "0.0.1-rc.7",
      "resolved": "https://registry.npmjs.org/@pulsor/core/-/core-0.0.1-rc.7.tgz",
      "integrity": "sha512-j06ApyvYfgjz3GRZ99KsS+pV9MbH2EVZ5CXKcHMb8f9hPrqAGqeT1KPHHiPONNiPX1vJBYW+a0q1gOKQZFz3Fw=="
    },
    "path-to-regexp": {
      "version": "6.2.0",
      "resolved": "https://registry.npmjs.org/path-to-regexp/-/path-to-regexp-6.2.0.tgz",
      "integrity": "sha512-f66KywYG6+43afgE/8j/GoiNyygk/bnoCbps++3ErRKsIYkGGupyv07R2Ok5m9i67Iqc+T2g1eAUGUPzWhYTyg=="
    },
    "typescript": {
      "version": "4.5.2",
      "resolved": "https://registry.npmjs.org/typescript/-/typescript-4.5.2.tgz",
      "integrity": "sha512-5BlMof9H1yGt0P8/WF+wPNw6GfctgGjXp5hkblpyT+8rkASSmkUKMXrxR0Xg8ThVCi/JnHQiKXeBaEwCeQwMFw==",
      "dev": true
    }
  }
}
